
Microsoft Visual Studio Solution File, Format Version 12.00
# Visual Studio Version 16
VisualStudioVersion = 16.0.31005.135
MinimumVisualStudioVersion = 10.0.40219.1
Project("{9A19103F-16F7-4668-BE54-9A1E7A4F7556}") = "Employees", "Employees\Employees.csproj", "{07E940ED-6FF0-4E4D-A8EF-21FB0FAC6533}"
EndProject
Project("{9A19103F-16F7-4668-BE54-9A1E7A4F7556}") = "Core", "Core\Core.csproj", "{302A83FA-4581-4267-B0FB-E6B6F7638B99}"
EndProject
Project("{9A19103F-16F7-4668-BE54-9A1E7A4F7556}") = "Infraestructure", "Infraestructure\Infraestructure.csproj", "{2E43031B-541D-4567-8825-577C6BB37284}"
EndProject
Global
	GlobalSection(SolutionConfigurationPlatforms) = preSolution
		Debug|Any CPU = Debug|Any CPU
		Release|Any CPU = Release|Any CPU
	EndGlobalSection
	GlobalSection(ProjectConfigurationPlatforms) = postSolution
		{07E940ED-6FF0-4E4D-A8EF-21FB0FAC6533}.Debug|Any CPU.ActiveCfg = Debug|Any CPU
		{07E940ED-6FF0-4E4D-A8EF-21FB0FAC6533}.Debug|Any CPU.Build.0 = Debug|Any CPU
		{07E940ED-6FF0-4E4D-A8EF-21FB0FAC6533}.Release|Any CPU.ActiveCfg = Release|Any CPU
		{07E940ED-6FF0-4E4D-A8EF-21FB0FAC6533}.Release|Any CPU.Build.0 = Release|Any CPU
		{302A83FA-4581-4267-B0FB-E6B6F7638B99}.Debug|Any CPU.ActiveCfg = Debug|Any CPU
		{302A83FA-4581-4267-B0FB-E6B6F7638B99}.Debug|Any CPU.Build.0 = Debug|Any CPU
		{302A83FA-4581-4267-B0FB-E6B6F7638B99}.Release|Any CPU.ActiveCfg = Release|Any CPU
		{302A83FA-4581-4267-B0FB-E6B6F7638B99}.Release|Any CPU.Build.0 = Release|Any CPU
		{2E43031B-541D-4567-8825-577C6BB37284}.Debug|Any CPU.ActiveCfg = Debug|Any CPU
		{2E43031B-541D-4567-8825-577C6BB37284}.Debug|Any CPU.Build.0 = Debug|Any CPU
		{2E43031B-541D-4567-8825-577C6BB37284}.Release|Any CPU.ActiveCfg = Release|Any CPU
		{2E43031B-541D-4567-8825-577C6BB37284}.Release|Any CPU.Build.0 = Release|Any CPU
	EndGlobalSection
	GlobalSection(SolutionProperties) = preSolution
		HideSolutionNode = FALSE
	EndGlobalSection
	GlobalSection(ExtensibilityGlobals) = postSolution
		SolutionGuid = {64BFCA09-017D-4750-966E-008AECCF5E58}
	EndGlobalSection
EndGlobal
